
Microsoft Visual Studio Solution File, Format Version 12.00
# Visual Studio Version 16
VisualStudioVersion = 16.0.30406.217
MinimumVisualStudioVersion = 10.0.40219.1
Project("{9A19103F-16F7-4668-BE54-9A1E7A4F7556}") = "MyRentalShop", "MyRentalShop.csproj", "{88A1362C-773E-4EA9-B0CC-6F8FB23CA056}"
EndProject
Project("{FAE04EC0-301F-11D3-BF4B-00C04F79EFBC}") = "MyRentalShop.App", "..\MyRentalShop.App\MyRentalShop.App.csproj", "{40C2309D-E4C8-4F15-964B-4C72A5FCF665}"
EndProject
Project("{FAE04EC0-301F-11D3-BF4B-00C04F79EFBC}") = "MyRentalShop.Domain", "..\MyRentalShop.Domain\MyRentalShop.Domain.csproj", "{6790A37A-10D9-4217-A3B2-6A4B7C8DDDAE}"
EndProject
Global
	GlobalSection(SolutionConfigurationPlatforms) = preSolution
		Debug|Any CPU = Debug|Any CPU
		Release|Any CPU = Release|Any CPU
	EndGlobalSection
	GlobalSection(ProjectConfigurationPlatforms) = postSolution
		{88A1362C-773E-4EA9-B0CC-6F8FB23CA056}.Debug|Any CPU.ActiveCfg = Debug|Any CPU
		{88A1362C-773E-4EA9-B0CC-6F8FB23CA056}.Debug|Any CPU.Build.0 = Debug|Any CPU
		{88A1362C-773E-4EA9-B0CC-6F8FB23CA056}.Release|Any CPU.ActiveCfg = Release|Any CPU
		{88A1362C-773E-4EA9-B0CC-6F8FB23CA056}.Release|Any CPU.Build.0 = Release|Any CPU
		{40C2309D-E4C8-4F15-964B-4C72A5FCF665}.Debug|Any CPU.ActiveCfg = Debug|Any CPU
		{40C2309D-E4C8-4F15-964B-4C72A5FCF665}.Debug|Any CPU.Build.0 = Debug|Any CPU
		{40C2309D-E4C8-4F15-964B-4C72A5FCF665}.Release|Any CPU.ActiveCfg = Release|Any CPU
		{40C2309D-E4C8-4F15-964B-4C72A5FCF665}.Release|Any CPU.Build.0 = Release|Any CPU
		{6790A37A-10D9-4217-A3B2-6A4B7C8DDDAE}.Debug|Any CPU.ActiveCfg = Debug|Any CPU
		{6790A37A-10D9-4217-A3B2-6A4B7C8DDDAE}.Debug|Any CPU.Build.0 = Debug|Any CPU
		{6790A37A-10D9-4217-A3B2-6A4B7C8DDDAE}.Release|Any CPU.ActiveCfg = Release|Any CPU
		{6790A37A-10D9-4217-A3B2-6A4B7C8DDDAE}.Release|Any CPU.Build.0 = Release|Any CPU
	EndGlobalSection
	GlobalSection(SolutionProperties) = preSolution
		HideSolutionNode = FALSE
	EndGlobalSection
	GlobalSection(ExtensibilityGlobals) = postSolution
		SolutionGuid = {11E4B4A2-1E3F-4B6D-B4D9-294C8311120B}
	EndGlobalSection
EndGlobal
